// !$*UTF8*$!
{
	archiveVersion = 1;
	classes = {
	};
	objectVersion = 46;
	objects = {

/* Begin PBXBuildFile section */
		651D176C1D474AC400CC9C72 /* breadth_sightings.c in Sources */ = {isa = PBXBuildFile; fileRef = 651D176A1D474AC400CC9C72 /* breadth_sightings.c */; };
		651D176F1D4D2B5900CC9C72 /* linked_list_implementation.c in Sources */ = {isa = PBXBuildFile; fileRef = 651D176D1D4D2B5900CC9C72 /* linked_list_implementation.c */; };
		658DE9E31D44E85C006F11FB /* tree_creator_depth_first.c in Sources */ = {isa = PBXBuildFile; fileRef = 658DE9E11D44E85C006F11FB /* tree_creator_depth_first.c */; };
		65EB60C21D3A3AE2001A4FB6 /* main.c in Sources */ = {isa = PBXBuildFile; fileRef = 65EB60C11D3A3AE2001A4FB6 /* main.c */; };
		65EB60D31D3A3D13001A4FB6 /* level1.c in Sources */ = {isa = PBXBuildFile; fileRef = 65EB60D11D3A3D13001A4FB6 /* level1.c */; };
		65EB60D91D3A3DF5001A4FB6 /* sightings_log.c in Sources */ = {isa = PBXBuildFile; fileRef = 65EB60D71D3A3DF5001A4FB6 /* sightings_log.c */; };
		65EB60DC1D3AB3F7001A4FB6 /* tree_creator_breadth_first.c in Sources */ = {isa = PBXBuildFile; fileRef = 65EB60DA1D3AB3F7001A4FB6 /* tree_creator_breadth_first.c */; };
		65EB60DF1D3AD973001A4FB6 /* file_creator.c in Sources */ = {isa = PBXBuildFile; fileRef = 65EB60DD1D3AD973001A4FB6 /* file_creator.c */; };
/* End PBXBuildFile section */

/* Begin PBXCopyFilesBuildPhase section */
		65EB60BC1D3A3AE2001A4FB6 /* CopyFiles */ = {
			isa = PBXCopyFilesBuildPhase;
			buildActionMask = 2147483647;
			dstPath = /usr/share/man/man1/;
			dstSubfolderSpec = 0;
			files = (
			);
			runOnlyForDeploymentPostprocessing = 1;
		};
/* End PBXCopyFilesBuildPhase section */

/* Begin PBXFileReference section */
		651D176A1D474AC400CC9C72 /* breadth_sightings.c */ = {isa = PBXFileReference; fileEncoding = 4; lastKnownFileType = sourcecode.c.c; path = breadth_sightings.c; sourceTree = "<group>"; };
		651D176B1D474AC400CC9C72 /* breadth_sightings.h */ = {isa = PBXFileReference; fileEncoding = 4; lastKnownFileType = sourcecode.c.h; path = breadth_sightings.h; sourceTree = "<group>"; };
		651D176D1D4D2B5900CC9C72 /* linked_list_implementation.c */ = {isa = PBXFileReference; fileEncoding = 4; lastKnownFileType = sourcecode.c.c; path = linked_list_implementation.c; sourceTree = "<group>"; };
		651D176E1D4D2B5900CC9C72 /* linked_list_implementation.h */ = {isa = PBXFileReference; fileEncoding = 4; lastKnownFileType = sourcecode.c.h; path = linked_list_implementation.h; sourceTree = "<group>"; };
		658DE9E11D44E85C006F11FB /* tree_creator_depth_first.c */ = {isa = PBXFileReference; fileEncoding = 4; lastKnownFileType = sourcecode.c.c; path = tree_creator_depth_first.c; sourceTree = "<group>"; };
		658DE9E21D44E85C006F11FB /* tree_creator_depth_first.h */ = {isa = PBXFileReference; fileEncoding = 4; lastKnownFileType = sourcecode.c.h; path = tree_creator_depth_first.h; sourceTree = "<group>"; };
		65EB60BE1D3A3AE2001A4FB6 /* Wheres-Waldo-v.2.0 */ = {isa = PBXFileReference; explicitFileType = "compiled.mach-o.executable"; includeInIndex = 0; path = "Wheres-Waldo-v.2.0"; sourceTree = BUILT_PRODUCTS_DIR; };
		65EB60C11D3A3AE2001A4FB6 /* main.c */ = {isa = PBXFileReference; lastKnownFileType = sourcecode.c.c; path = main.c; sourceTree = "<group>"; };
		65EB60D11D3A3D13001A4FB6 /* level1.c */ = {isa = PBXFileReference; fileEncoding = 4; lastKnownFileType = sourcecode.c.c; path = level1.c; sourceTree = "<group>"; };
		65EB60D21D3A3D13001A4FB6 /* level1.h */ = {isa = PBXFileReference; fileEncoding = 4; lastKnownFileType = sourcecode.c.h; path = level1.h; sourceTree = "<group>"; };
		65EB60D71D3A3DF5001A4FB6 /* sightings_log.c */ = {isa = PBXFileReference; fileEncoding = 4; lastKnownFileType = sourcecode.c.c; path = sightings_log.c; sourceTree = "<group>"; };
		65EB60D81D3A3DF5001A4FB6 /* sightings_log.h */ = {isa = PBXFileReference; fileEncoding = 4; lastKnownFileType = sourcecode.c.h; path = sightings_log.h; sourceTree = "<group>"; };
		65EB60DA1D3AB3F7001A4FB6 /* tree_creator_breadth_first.c */ = {isa = PBXFileReference; fileEncoding = 4; lastKnownFileType = sourcecode.c.c; path = tree_creator_breadth_first.c; sourceTree = "<group>"; };
		65EB60DB1D3AB3F7001A4FB6 /* tree_creator_breadth_first.h */ = {isa = PBXFileReference; fileEncoding = 4; lastKnownFileType = sourcecode.c.h; path = tree_creator_breadth_first.h; sourceTree = "<group>"; };
		65EB60DD1D3AD973001A4FB6 /* file_creator.c */ = {isa = PBXFileReference; fileEncoding = 4; lastKnownFileType = sourcecode.c.c; path = file_creator.c; sourceTree = "<group>"; };
		65EB60DE1D3AD973001A4FB6 /* file_creator.h */ = {isa = PBXFileReference; fileEncoding = 4; lastKnownFileType = sourcecode.c.h; path = file_creator.h; sourceTree = "<group>"; };
/* End PBXFileReference section */

/* Begin PBXFrameworksBuildPhase section */
		65EB60BB1D3A3AE2001A4FB6 /* Frameworks */ = {
			isa = PBXFrameworksBuildPhase;
			buildActionMask = 2147483647;
			files = (
			);
			runOnlyForDeploymentPostprocessing = 0;
		};
/* End PBXFrameworksBuildPhase section */

/* Begin PBXGroup section */
		65EB60B51D3A3AE2001A4FB6 = {
			isa = PBXGroup;
			children = (
				65EB60C01D3A3AE2001A4FB6 /* Wheres-Waldo-v.2.0 */,
				65EB60BF1D3A3AE2001A4FB6 /* Products */,
			);
			sourceTree = "<group>";
		};
		65EB60BF1D3A3AE2001A4FB6 /* Products */ = {
			isa = PBXGroup;
			children = (
				65EB60BE1D3A3AE2001A4FB6 /* Wheres-Waldo-v.2.0 */,
			);
			name = Products;
			sourceTree = "<group>";
		};
		65EB60C01D3A3AE2001A4FB6 /* Wheres-Waldo-v.2.0 */ = {
			isa = PBXGroup;
			children = (
				65EB60C11D3A3AE2001A4FB6 /* main.c */,
				65EB60D11D3A3D13001A4FB6 /* level1.c */,
				65EB60D21D3A3D13001A4FB6 /* level1.h */,
				658DE9E11D44E85C006F11FB /* tree_creator_depth_first.c */,
				658DE9E21D44E85C006F11FB /* tree_creator_depth_first.h */,
				65EB60D71D3A3DF5001A4FB6 /* sightings_log.c */,
				65EB60D81D3A3DF5001A4FB6 /* sightings_log.h */,
				651D176A1D474AC400CC9C72 /* breadth_sightings.c */,
				651D176B1D474AC400CC9C72 /* breadth_sightings.h */,
				65EB60DD1D3AD973001A4FB6 /* file_creator.c */,
				65EB60DE1D3AD973001A4FB6 /* file_creator.h */,
				65EB60DA1D3AB3F7001A4FB6 /* tree_creator_breadth_first.c */,
				65EB60DB1D3AB3F7001A4FB6 /* tree_creator_breadth_first.h */,
				651D176D1D4D2B5900CC9C72 /* linked_list_implementation.c */,
				651D176E1D4D2B5900CC9C72 /* linked_list_implementation.h */,
			);
			path = "Wheres-Waldo-v.2.0";
			sourceTree = "<group>";
		};
/* End PBXGroup section */

/* Begin PBXNativeTarget section */
		65EB60BD1D3A3AE2001A4FB6 /* Wheres-Waldo-v.2.0 */ = {
			isa = PBXNativeTarget;
			buildConfigurationList = 65EB60C51D3A3AE2001A4FB6 /* Build configuration list for PBXNativeTarget "Wheres-Waldo-v.2.0" */;
			buildPhases = (
				65EB60BA1D3A3AE2001A4FB6 /* Sources */,
				65EB60BB1D3A3AE2001A4FB6 /* Frameworks */,
				65EB60BC1D3A3AE2001A4FB6 /* CopyFiles */,
			);
			buildRules = (
			);
			dependencies = (
			);
			name = "Wheres-Waldo-v.2.0";
			productName = "Wheres-Waldo-v.2.0";
			productReference = 65EB60BE1D3A3AE2001A4FB6 /* Wheres-Waldo-v.2.0 */;
			productType = "com.apple.product-type.tool";
		};
/* End PBXNativeTarget section */

/* Begin PBXProject section */
		65EB60B61D3A3AE2001A4FB6 /* Project object */ = {
			isa = PBXProject;
			attributes = {
				LastUpgradeCheck = 0640;
				ORGANIZATIONNAME = "Thomas Hoinacki";
				TargetAttributes = {
					65EB60BD1D3A3AE2001A4FB6 = {
						CreatedOnToolsVersion = 6.4;
					};
				};
			};
			buildConfigurationList = 65EB60B91D3A3AE2001A4FB6 /* Build configuration list for PBXProject "Wheres-Waldo-v.2.0" */;
			compatibilityVersion = "Xcode 3.2";
			developmentRegion = English;
			hasScannedForEncodings = 0;
			knownRegions = (
				en,
			);
			mainGroup = 65EB60B51D3A3AE2001A4FB6;
			productRefGroup = 65EB60BF1D3A3AE2001A4FB6 /* Products */;
			projectDirPath = "";
			projectRoot = "";
			targets = (
				65EB60BD1D3A3AE2001A4FB6 /* Wheres-Waldo-v.2.0 */,
			);
		};
/* End PBXProject section */

/* Begin PBXSourcesBuildPhase section */
		65EB60BA1D3A3AE2001A4FB6 /* Sources */ = {
			isa = PBXSourcesBuildPhase;
			buildActionMask = 2147483647;
			files = (
				651D176C1D474AC400CC9C72 /* breadth_sightings.c in Sources */,
				65EB60DF1D3AD973001A4FB6 /* file_creator.c in Sources */,
				65EB60D91D3A3DF5001A4FB6 /* sightings_log.c in Sources */,
				65EB60DC1D3AB3F7001A4FB6 /* tree_creator_breadth_first.c in Sources */,
				651D176F1D4D2B5900CC9C72 /* linked_list_implementation.c in Sources */,
				65EB60D31D3A3D13001A4FB6 /* level1.c in Sources */,
				658DE9E31D44E85C006F11FB /* tree_creator_depth_first.c in Sources */,
				65EB60C21D3A3AE2001A4FB6 /* main.c in Sources */,
			);
			runOnlyForDeploymentPostprocessing = 0;
		};
/* End PBXSourcesBuildPhase section */

/* Begin XCBuildConfiguration section */
		65EB60C31D3A3AE2001A4FB6 /* Debug */ = {
			isa = XCBuildConfiguration;
			buildSettings = {
				ALWAYS_SEARCH_USER_PATHS = NO;
				CLANG_CXX_LANGUAGE_STANDARD = "gnu++0x";
				CLANG_CXX_LIBRARY = "libc++";
				CLANG_ENABLE_MODULES = YES;
				CLANG_ENABLE_OBJC_ARC = YES;
				CLANG_WARN_BOOL_CONVERSION = YES;
				CLANG_WARN_CONSTANT_CONVERSION = YES;
				CLANG_WARN_DIRECT_OBJC_ISA_USAGE = YES_ERROR;
				CLANG_WARN_EMPTY_BODY = YES;
				CLANG_WARN_ENUM_CONVERSION = YES;
				CLANG_WARN_INT_CONVERSION = YES;
				CLANG_WARN_OBJC_ROOT_CLASS = YES_ERROR;
				CLANG_WARN_UNREACHABLE_CODE = YES;
				CLANG_WARN__DUPLICATE_METHOD_MATCH = YES;
				COPY_PHASE_STRIP = NO;
				DEBUG_INFORMATION_FORMAT = dwarf;
				ENABLE_STRICT_OBJC_MSGSEND = YES;
				GCC_C_LANGUAGE_STANDARD = gnu99;
				GCC_DYNAMIC_NO_PIC = NO;
				GCC_NO_COMMON_BLOCKS = YES;
				GCC_OPTIMIZATION_LEVEL = 0;
				GCC_PREPROCESSOR_DEFINITIONS = (
					"DEBUG=1",
					"$(inherited)",
				);
				GCC_SYMBOLS_PRIVATE_EXTERN = NO;
				GCC_WARN_64_TO_32_BIT_CONVERSION = YES;
				GCC_WARN_ABOUT_RETURN_TYPE = YES_ERROR;
				GCC_WARN_UNDECLARED_SELECTOR = YES;
				GCC_WARN_UNINITIALIZED_AUTOS = YES_AGGRESSIVE;
				GCC_WARN_UNUSED_FUNCTION = YES;
				GCC_WARN_UNUSED_VARIABLE = YES;
				MACOSX_DEPLOYMENT_TARGET = 10.10;
				MTL_ENABLE_DEBUG_INFO = YES;
				ONLY_ACTIVE_ARCH = YES;
				SDKROOT = macosx;
			};
			name = Debug;
		};
		65EB60C41D3A3AE2001A4FB6 /* Release */ = {
			isa = XCBuildConfiguration;
			buildSettings = {
				ALWAYS_SEARCH_USER_PATHS = NO;
				CLANG_CXX_LANGUAGE_STANDARD = "gnu++0x";
				CLANG_CXX_LIBRARY = "libc++";
				CLANG_ENABLE_MODULES = YES;
				CLANG_ENABLE_OBJC_ARC = YES;
				CLANG_WARN_BOOL_CONVERSION = YES;
				CLANG_WARN_CONSTANT_CONVERSION = YES;
				CLANG_WARN_DIRECT_OBJC_ISA_USAGE = YES_ERROR;
				CLANG_WARN_EMPTY_BODY = YES;
				CLANG_WARN_ENUM_CONVERSION = YES;
				CLANG_WARN_INT_CONVERSION = YES;
				CLANG_WARN_OBJC_ROOT_CLASS = YES_ERROR;
				CLANG_WARN_UNREACHABLE_CODE = YES;
				CLANG_WARN__DUPLICATE_METHOD_MATCH = YES;
				COPY_PHASE_STRIP = NO;
				DEBUG_INFORMATION_FORMAT = "dwarf-with-dsym";
				ENABLE_NS_ASSERTIONS = NO;
				ENABLE_STRICT_OBJC_MSGSEND = YES;
				GCC_C_LANGUAGE_STANDARD = gnu99;
				GCC_NO_COMMON_BLOCKS = YES;
				GCC_WARN_64_TO_32_BIT_CONVERSION = YES;
				GCC_WARN_ABOUT_RETURN_TYPE = YES_ERROR;
				GCC_WARN_UNDECLARED_SELECTOR = YES;
				GCC_WARN_UNINITIALIZED_AUTOS = YES_AGGRESSIVE;
				GCC_WARN_UNUSED_FUNCTION = YES;
				GCC_WARN_UNUSED_VARIABLE = YES;
				MACOSX_DEPLOYMENT_TARGET = 10.10;
				MTL_ENABLE_DEBUG_INFO = NO;
				SDKROOT = macosx;
			};
			name = Release;
		};
		65EB60C61D3A3AE2001A4FB6 /* Debug */ = {
			isa = XCBuildConfiguration;
			buildSettings = {
				PRODUCT_NAME = "$(TARGET_NAME)";
			};
			name = Debug;
		};
		65EB60C71D3A3AE2001A4FB6 /* Release */ = {
			isa = XCBuildConfiguration;
			buildSettings = {
				PRODUCT_NAME = "$(TARGET_NAME)";
			};
			name = Release;
		};
/* End XCBuildConfiguration section */

/* Begin XCConfigurationList section */
		65EB60B91D3A3AE2001A4FB6 /* Build configuration list for PBXProject "Wheres-Waldo-v.2.0" */ = {
			isa = XCConfigurationList;
			buildConfigurations = (
				65EB60C31D3A3AE2001A4FB6 /* Debug */,
				65EB60C41D3A3AE2001A4FB6 /* Release */,
			);
			defaultConfigurationIsVisible = 0;
			defaultConfigurationName = Release;
		};
		65EB60C51D3A3AE2001A4FB6 /* Build configuration list for PBXNativeTarget "Wheres-Waldo-v.2.0" */ = {
			isa = XCConfigurationList;
			buildConfigurations = (
				65EB60C61D3A3AE2001A4FB6 /* Debug */,
				65EB60C71D3A3AE2001A4FB6 /* Release */,
			);
			defaultConfigurationIsVisible = 0;
			defaultConfigurationName = Release;
		};
/* End XCConfigurationList section */
	};
	rootObject = 65EB60B61D3A3AE2001A4FB6 /* Project object */;
}
